PODS:
  - NimbleExtension (0.1.0)
  - SwiftLint (0.34.0)

DEPENDENCIES:
  - NimbleExtension (from `./`)
  - SwiftLint

SPEC REPOS:
  https://github.com/CocoaPods/Specs.git:
    - SwiftLint

EXTERNAL SOURCES:
  NimbleExtension:
    :path: "./"

SPEC CHECKSUMS:
  NimbleExtension: acad4290f27afd4241b1ea20f8597889085e2ce7
  SwiftLint: 79d48a17c6565dc286c37efb8322c7b450f95c67

PODFILE CHECKSUM: a7eb9e80cdf4cf43720c0fa4b5666342ad13ea65

COCOAPODS: 1.9.1
