PODS:
  - Alamofire (5.2.2)
  - SwiftLint (0.40.1)

DEPENDENCIES:
  - Alamofire (~> 5.2)
  - SwiftLint

SPEC REPOS:
  trunk:
    - Alamofire
    - SwiftLint

SPEC CHECKSUMS:
  Alamofire: 814429acc853c6c54ff123fc3d2ef66803823ce0
  SwiftLint: bbfed21bf4451dcbd0f5cdbee44a18e06cf91b12

PODFILE CHECKSUM: 8c48db74d0bb7560f56ffb35fcc15b0a71b7df82

COCOAPODS: 1.9.3
